
Microsoft Visual Studio Solution File, Format Version 12.00
# Visual Studio Version 17
VisualStudioVersion = 17.0.31825.309
MinimumVisualStudioVersion = 10.0.40219.1
Project("{8BC9CEB8-8B4A-11D0-8D11-00A0C91BC942}") = "Assignment03", "StatisticalPhysics\StatisticalPhysics.vcxproj", "{0639101A-3951-407F-84C5-AFBE0ABADC19}"
EndProject
Global
	GlobalSection(SolutionConfigurationPlatforms) = preSolution
		Debug|x64 = Debug|x64
		Debug|x86 = Debug|x86
		Release|x64 = Release|x64
		Release|x86 = Release|x86
	EndGlobalSection
	GlobalSection(ProjectConfigurationPlatforms) = postSolution
		{0639101A-3951-407F-84C5-AFBE0ABADC19}.Debug|x64.ActiveCfg = Debug|x64
		{0639101A-3951-407F-84C5-AFBE0ABADC19}.Debug|x64.Build.0 = Debug|x64
		{0639101A-3951-407F-84C5-AFBE0ABADC19}.Debug|x86.ActiveCfg = Debug|Win32
		{0639101A-3951-407F-84C5-AFBE0ABADC19}.Debug|x86.Build.0 = Debug|Win32
		{0639101A-3951-407F-84C5-AFBE0ABADC19}.Release|x64.ActiveCfg = Release|x64
		{0639101A-3951-407F-84C5-AFBE0ABADC19}.Release|x64.Build.0 = Release|x64
		{0639101A-3951-407F-84C5-AFBE0ABADC19}.Release|x86.ActiveCfg = Release|Win32
		{0639101A-3951-407F-84C5-AFBE0ABADC19}.Release|x86.Build.0 = Release|Win32
	EndGlobalSection
	GlobalSection(SolutionProperties) = preSolution
		HideSolutionNode = FALSE
	EndGlobalSection
	GlobalSection(ExtensibilityGlobals) = postSolution
		SolutionGuid = {D7F98A53-FF15-482E-BB70-7414B042971D}
	EndGlobalSection
EndGlobal
